
Microsoft Visual Studio Solution File, Format Version 12.00
# Visual Studio Version 17
VisualStudioVersion = 17.10.35013.160
MinimumVisualStudioVersion = 10.0.40219.1
Project("{2150E333-8FDC-42A3-9474-1A3956D46DE8}") = "Src", "Src", "{5F5EDF87-9E42-46FE-82BB-A57F5433E283}"
EndProject
Project("{9A19103F-16F7-4668-BE54-9A1E7A4F7556}") = "Ecomerce.Api", "Ecomerce.Api\Ecomerce.Api.csproj", "{40BCA32E-0914-4C8D-903D-1C0F994B71E5}"
EndProject
Project("{9A19103F-16F7-4668-BE54-9A1E7A4F7556}") = "Ecomerce.Core", "Ecomerce.Core\Ecomerce.Core.csproj", "{EBEE72C0-0FFD-460A-B294-0B40F17A2E2E}"
EndProject
Project("{9A19103F-16F7-4668-BE54-9A1E7A4F7556}") = "Ecomerce.Infrastructure", "Ecomerce.Infrastructure\Ecomerce.Infrastructure.csproj", "{F76D9DA9-32C7-4FF6-AE95-A005756D17E6}"
EndProject
Project("{FAE04EC0-301F-11D3-BF4B-00C04F79EFBC}") = "Ecomerce.Tests", "Ecomerce.Tests\Ecomerce.Tests.csproj", "{E455E643-9638-4987-9E5A-7B48873F9B24}"
EndProject
Global
	GlobalSection(SolutionConfigurationPlatforms) = preSolution
		Debug|Any CPU = Debug|Any CPU
		Release|Any CPU = Release|Any CPU
	EndGlobalSection
	GlobalSection(ProjectConfigurationPlatforms) = postSolution
		{40BCA32E-0914-4C8D-903D-1C0F994B71E5}.Debug|Any CPU.ActiveCfg = Debug|Any CPU
		{40BCA32E-0914-4C8D-903D-1C0F994B71E5}.Debug|Any CPU.Build.0 = Debug|Any CPU
		{40BCA32E-0914-4C8D-903D-1C0F994B71E5}.Release|Any CPU.ActiveCfg = Release|Any CPU
		{40BCA32E-0914-4C8D-903D-1C0F994B71E5}.Release|Any CPU.Build.0 = Release|Any CPU
		{EBEE72C0-0FFD-460A-B294-0B40F17A2E2E}.Debug|Any CPU.ActiveCfg = Debug|Any CPU
		{EBEE72C0-0FFD-460A-B294-0B40F17A2E2E}.Debug|Any CPU.Build.0 = Debug|Any CPU
		{EBEE72C0-0FFD-460A-B294-0B40F17A2E2E}.Release|Any CPU.ActiveCfg = Release|Any CPU
		{EBEE72C0-0FFD-460A-B294-0B40F17A2E2E}.Release|Any CPU.Build.0 = Release|Any CPU
		{F76D9DA9-32C7-4FF6-AE95-A005756D17E6}.Debug|Any CPU.ActiveCfg = Debug|Any CPU
		{F76D9DA9-32C7-4FF6-AE95-A005756D17E6}.Debug|Any CPU.Build.0 = Debug|Any CPU
		{F76D9DA9-32C7-4FF6-AE95-A005756D17E6}.Release|Any CPU.ActiveCfg = Release|Any CPU
		{F76D9DA9-32C7-4FF6-AE95-A005756D17E6}.Release|Any CPU.Build.0 = Release|Any CPU
		{E455E643-9638-4987-9E5A-7B48873F9B24}.Debug|Any CPU.ActiveCfg = Debug|Any CPU
		{E455E643-9638-4987-9E5A-7B48873F9B24}.Debug|Any CPU.Build.0 = Debug|Any CPU
		{E455E643-9638-4987-9E5A-7B48873F9B24}.Release|Any CPU.ActiveCfg = Release|Any CPU
		{E455E643-9638-4987-9E5A-7B48873F9B24}.Release|Any CPU.Build.0 = Release|Any CPU
	EndGlobalSection
	GlobalSection(SolutionProperties) = preSolution
		HideSolutionNode = FALSE
	EndGlobalSection
	GlobalSection(NestedProjects) = preSolution
		{40BCA32E-0914-4C8D-903D-1C0F994B71E5} = {5F5EDF87-9E42-46FE-82BB-A57F5433E283}
		{EBEE72C0-0FFD-460A-B294-0B40F17A2E2E} = {5F5EDF87-9E42-46FE-82BB-A57F5433E283}
		{F76D9DA9-32C7-4FF6-AE95-A005756D17E6} = {5F5EDF87-9E42-46FE-82BB-A57F5433E283}
	EndGlobalSection
	GlobalSection(ExtensibilityGlobals) = postSolution
		SolutionGuid = {1C83B20D-D50B-4D1E-8B70-D71431400E44}
	EndGlobalSection
EndGlobal
